
Microsoft Visual Studio Solution File, Format Version 12.00
# Visual Studio Version 17
VisualStudioVersion = 17.1.32228.430
MinimumVisualStudioVersion = 10.0.40219.1
Project("{9A19103F-16F7-4668-BE54-9A1E7A4F7556}") = "BigEvent", "BigEvent\BigEvent.csproj", "{1CAAB270-416D-49DB-8668-46C060E6EBB0}"
EndProject
Global
	GlobalSection(SolutionConfigurationPlatforms) = preSolution
		Debug|Any CPU = Debug|Any CPU
		Release|Any CPU = Release|Any CPU
	EndGlobalSection
	GlobalSection(ProjectConfigurationPlatforms) = postSolution
		{1CAAB270-416D-49DB-8668-46C060E6EBB0}.Debug|Any CPU.ActiveCfg = Debug|Any CPU
		{1CAAB270-416D-49DB-8668-46C060E6EBB0}.Debug|Any CPU.Build.0 = Debug|Any CPU
		{1CAAB270-416D-49DB-8668-46C060E6EBB0}.Release|Any CPU.ActiveCfg = Release|Any CPU
		{1CAAB270-416D-49DB-8668-46C060E6EBB0}.Release|Any CPU.Build.0 = Release|Any CPU
	EndGlobalSection
	GlobalSection(SolutionProperties) = preSolution
		HideSolutionNode = FALSE
	EndGlobalSection
	GlobalSection(ExtensibilityGlobals) = postSolution
		SolutionGuid = {AA52FE09-3440-43D2-9951-6A159E4EDD64}
	EndGlobalSection
EndGlobal
